
Microsoft Visual Studio Solution File, Format Version 12.00
# Visual Studio Version 17
VisualStudioVersion = 17.5.33516.290
MinimumVisualStudioVersion = 10.0.40219.1
Project("{FAE04EC0-301F-11D3-BF4B-00C04F79EFBC}") = "Ex03.ConsoleUI", "Ex03.ConsoleUI\Ex03.ConsoleUI.csproj", "{4874D6EF-11D3-455C-9B18-24FA847CD982}"
EndProject
Project("{FAE04EC0-301F-11D3-BF4B-00C04F79EFBC}") = "Ex03.GarageLogic", "Ex03.GarageLogic\Ex03.GarageLogic.csproj", "{2F09C243-0BE3-46F5-818B-D7F0C000F3CA}"
EndProject
Global
	GlobalSection(SolutionConfigurationPlatforms) = preSolution
		Debug|Any CPU = Debug|Any CPU
		Release|Any CPU = Release|Any CPU
	EndGlobalSection
	GlobalSection(ProjectConfigurationPlatforms) = postSolution
		{4874D6EF-11D3-455C-9B18-24FA847CD982}.Debug|Any CPU.ActiveCfg = Debug|Any CPU
		{4874D6EF-11D3-455C-9B18-24FA847CD982}.Debug|Any CPU.Build.0 = Debug|Any CPU
		{4874D6EF-11D3-455C-9B18-24FA847CD982}.Release|Any CPU.ActiveCfg = Release|Any CPU
		{4874D6EF-11D3-455C-9B18-24FA847CD982}.Release|Any CPU.Build.0 = Release|Any CPU
		{2F09C243-0BE3-46F5-818B-D7F0C000F3CA}.Debug|Any CPU.ActiveCfg = Debug|Any CPU
		{2F09C243-0BE3-46F5-818B-D7F0C000F3CA}.Debug|Any CPU.Build.0 = Debug|Any CPU
		{2F09C243-0BE3-46F5-818B-D7F0C000F3CA}.Release|Any CPU.ActiveCfg = Release|Any CPU
		{2F09C243-0BE3-46F5-818B-D7F0C000F3CA}.Release|Any CPU.Build.0 = Release|Any CPU
	EndGlobalSection
	GlobalSection(SolutionProperties) = preSolution
		HideSolutionNode = FALSE
	EndGlobalSection
	GlobalSection(ExtensibilityGlobals) = postSolution
		SolutionGuid = {BE7B49E0-31E4-4352-B79C-7B4421C38C61}
	EndGlobalSection
EndGlobal
